
Microsoft Visual Studio Solution File, Format Version 12.00
# Visual Studio 2013
VisualStudioVersion = 12.0.31101.0
MinimumVisualStudioVersion = 10.0.40219.1
Project("{FAE04EC0-301F-11D3-BF4B-00C04F79EFBC}") = "SnakeGameV2", "SnakeGameV2\SnakeGameV2.csproj", "{A23AE31B-D0E4-43AA-B71C-311710932928}"
EndProject
Global
	GlobalSection(SolutionConfigurationPlatforms) = preSolution
		Debug|Any CPU = Debug|Any CPU
		Release|Any CPU = Release|Any CPU
	EndGlobalSection
	GlobalSection(ProjectConfigurationPlatforms) = postSolution
		{A23AE31B-D0E4-43AA-B71C-311710932928}.Debug|Any CPU.ActiveCfg = Debug|Any CPU
		{A23AE31B-D0E4-43AA-B71C-311710932928}.Debug|Any CPU.Build.0 = Debug|Any CPU
		{A23AE31B-D0E4-43AA-B71C-311710932928}.Release|Any CPU.ActiveCfg = Release|Any CPU
		{A23AE31B-D0E4-43AA-B71C-311710932928}.Release|Any CPU.Build.0 = Release|Any CPU
	EndGlobalSection
	GlobalSection(SolutionProperties) = preSolution
		HideSolutionNode = FALSE
	EndGlobalSection
EndGlobal
